
Microsoft Visual Studio Solution File, Format Version 12.00
# Visual Studio 15
VisualStudioVersion = 15.0.28307.902
MinimumVisualStudioVersion = 10.0.40219.1
Project("{FAE04EC0-301F-11D3-BF4B-00C04F79EFBC}") = "OBSync", "OBSync\OBSync.csproj", "{AAD2C605-9FB9-4B00-9198-CDFE5541F772}"
EndProject
Project("{FAE04EC0-301F-11D3-BF4B-00C04F79EFBC}") = "SugarRestSharp", "SugarRestSharp\SugarRestSharp.csproj", "{F0F513B8-998D-435E-92F0-42CA484D98AD}"
EndProject
Global
	GlobalSection(SolutionConfigurationPlatforms) = preSolution
		Debug|Any CPU = Debug|Any CPU
		Release|Any CPU = Release|Any CPU
	EndGlobalSection
	GlobalSection(ProjectConfigurationPlatforms) = postSolution
		{AAD2C605-9FB9-4B00-9198-CDFE5541F772}.Debug|Any CPU.ActiveCfg = Debug|Any CPU
		{AAD2C605-9FB9-4B00-9198-CDFE5541F772}.Debug|Any CPU.Build.0 = Debug|Any CPU
		{AAD2C605-9FB9-4B00-9198-CDFE5541F772}.Release|Any CPU.ActiveCfg = Release|Any CPU
		{AAD2C605-9FB9-4B00-9198-CDFE5541F772}.Release|Any CPU.Build.0 = Release|Any CPU
		{F0F513B8-998D-435E-92F0-42CA484D98AD}.Debug|Any CPU.ActiveCfg = Debug|Any CPU
		{F0F513B8-998D-435E-92F0-42CA484D98AD}.Debug|Any CPU.Build.0 = Debug|Any CPU
		{F0F513B8-998D-435E-92F0-42CA484D98AD}.Release|Any CPU.ActiveCfg = Release|Any CPU
		{F0F513B8-998D-435E-92F0-42CA484D98AD}.Release|Any CPU.Build.0 = Release|Any CPU
	EndGlobalSection
	GlobalSection(SolutionProperties) = preSolution
		HideSolutionNode = FALSE
	EndGlobalSection
	GlobalSection(ExtensibilityGlobals) = postSolution
		SolutionGuid = {A4391E26-D81E-4F92-8D47-B38268847420}
	EndGlobalSection
EndGlobal
